
Microsoft Visual Studio Solution File, Format Version 12.00
# Visual Studio Version 17
VisualStudioVersion = 17.2.32630.192
MinimumVisualStudioVersion = 10.0.40219.1
Project("{FAE04EC0-301F-11D3-BF4B-00C04F79EFBC}") = "Kreditkortet", "Kreditkortet\Kreditkortet.csproj", "{6743E7BD-D07E-456C-9100-BA12E6E67DF3}"
EndProject
Global
	GlobalSection(SolutionConfigurationPlatforms) = preSolution
		Debug|Any CPU = Debug|Any CPU
		Release|Any CPU = Release|Any CPU
	EndGlobalSection
	GlobalSection(ProjectConfigurationPlatforms) = postSolution
		{6743E7BD-D07E-456C-9100-BA12E6E67DF3}.Debug|Any CPU.ActiveCfg = Debug|Any CPU
		{6743E7BD-D07E-456C-9100-BA12E6E67DF3}.Debug|Any CPU.Build.0 = Debug|Any CPU
		{6743E7BD-D07E-456C-9100-BA12E6E67DF3}.Release|Any CPU.ActiveCfg = Release|Any CPU
		{6743E7BD-D07E-456C-9100-BA12E6E67DF3}.Release|Any CPU.Build.0 = Release|Any CPU
	EndGlobalSection
	GlobalSection(SolutionProperties) = preSolution
		HideSolutionNode = FALSE
	EndGlobalSection
	GlobalSection(ExtensibilityGlobals) = postSolution
		SolutionGuid = {929FFA04-58F6-4344-BB7B-BAEC286012C7}
	EndGlobalSection
EndGlobal
